
Microsoft Visual Studio Solution File, Format Version 12.00
# Visual Studio Version 16
VisualStudioVersion = 16.0.28803.452
MinimumVisualStudioVersion = 10.0.40219.1
Project("{FAE04EC0-301F-11D3-BF4B-00C04F79EFBC}") = "TournamentTrackerUI", "TournamentTrackerUI\TournamentTrackerUI.csproj", "{6F40F1E6-0700-4BEF-B113-6A9E6B8B7D6E}"
EndProject
Global
	GlobalSection(SolutionConfigurationPlatforms) = preSolution
		Debug|Any CPU = Debug|Any CPU
		Release|Any CPU = Release|Any CPU
	EndGlobalSection
	GlobalSection(ProjectConfigurationPlatforms) = postSolution
		{6F40F1E6-0700-4BEF-B113-6A9E6B8B7D6E}.Debug|Any CPU.ActiveCfg = Debug|Any CPU
		{6F40F1E6-0700-4BEF-B113-6A9E6B8B7D6E}.Debug|Any CPU.Build.0 = Debug|Any CPU
		{6F40F1E6-0700-4BEF-B113-6A9E6B8B7D6E}.Release|Any CPU.ActiveCfg = Release|Any CPU
		{6F40F1E6-0700-4BEF-B113-6A9E6B8B7D6E}.Release|Any CPU.Build.0 = Release|Any CPU
	EndGlobalSection
	GlobalSection(SolutionProperties) = preSolution
		HideSolutionNode = FALSE
	EndGlobalSection
	GlobalSection(ExtensibilityGlobals) = postSolution
		SolutionGuid = {D19082F6-BA84-4567-8831-F66F8929D169}
	EndGlobalSection
EndGlobal
